
Microsoft Visual Studio Solution File, Format Version 12.00
# Visual Studio 15
VisualStudioVersion = 15.0.28307.539
MinimumVisualStudioVersion = 10.0.40219.1
Project("{FAE04EC0-301F-11D3-BF4B-00C04F79EFBC}") = "Fcm.Xamarin.Android", "Fcm.Xamarin.Android\Fcm.Xamarin.Android.csproj", "{DE3B117A-9FF3-4B5D-BE37-30408A0CE59D}"
EndProject
Global
	GlobalSection(SolutionConfigurationPlatforms) = preSolution
		Debug|Any CPU = Debug|Any CPU
		Release|Any CPU = Release|Any CPU
	EndGlobalSection
	GlobalSection(ProjectConfigurationPlatforms) = postSolution
		{DE3B117A-9FF3-4B5D-BE37-30408A0CE59D}.Debug|Any CPU.ActiveCfg = Debug|Any CPU
		{DE3B117A-9FF3-4B5D-BE37-30408A0CE59D}.Debug|Any CPU.Build.0 = Debug|Any CPU
		{DE3B117A-9FF3-4B5D-BE37-30408A0CE59D}.Debug|Any CPU.Deploy.0 = Debug|Any CPU
		{DE3B117A-9FF3-4B5D-BE37-30408A0CE59D}.Release|Any CPU.ActiveCfg = Release|Any CPU
		{DE3B117A-9FF3-4B5D-BE37-30408A0CE59D}.Release|Any CPU.Build.0 = Release|Any CPU
		{DE3B117A-9FF3-4B5D-BE37-30408A0CE59D}.Release|Any CPU.Deploy.0 = Release|Any CPU
	EndGlobalSection
	GlobalSection(SolutionProperties) = preSolution
		HideSolutionNode = FALSE
	EndGlobalSection
	GlobalSection(ExtensibilityGlobals) = postSolution
		SolutionGuid = {2AE1AA26-130C-4935-B323-E2ABE1F680BD}
	EndGlobalSection
EndGlobal
